
Microsoft Visual Studio Solution File, Format Version 12.00
Project("{FAE04EC0-301F-11D3-BF4B-00C04F79EFBC}") = "Ocl", "Ocl\Ocl.csproj", "{F7AE7754-E195-47FB-9614-EB1CFF4B8D70}"
EndProject
Project("{FAE04EC0-301F-11D3-BF4B-00C04F79EFBC}") = "Tests", "Tests\Tests.csproj", "{43A59954-CE41-4554-92C0-750E9F29994E}"
EndProject
Project("{2150E333-8FDC-42A3-9474-1A3956D46DE8}") = "_", "_", "{900879BA-C300-4741-AE94-620129D42B8F}"
ProjectSection(SolutionItems) = preProject
	..\.gitattributes = ..\.gitattributes
	..\.gitignore = ..\.gitignore
	..\LICENSE.txt = ..\LICENSE.txt
	..\README.md = ..\README.md
EndProjectSection
EndProject
Project("{2150E333-8FDC-42A3-9474-1A3956D46DE8}") = ".github", ".github", "{39F14DB6-FBEC-47C9-8FAF-332B009CAF68}"
ProjectSection(SolutionItems) = preProject
	..\.github\CODEOWNERS = ..\.github\CODEOWNERS
	..\.github\dependabot.yml = ..\.github\dependabot.yml
EndProjectSection
EndProject
Project("{2150E333-8FDC-42A3-9474-1A3956D46DE8}") = "build", "build", "{8E82EBC5-EBAB-4D54-953E-12C217C3099D}"
ProjectSection(SolutionItems) = preProject
	..\build\.editorconfig = ..\build\.editorconfig
EndProjectSection
EndProject
Project("{FAE04EC0-301F-11D3-BF4B-00C04F79EFBC}") = "_build", "..\build\_build.csproj", "{A5D7D80B-35A2-4D84-9081-89BAF06A6015}"
EndProject
Global
	GlobalSection(SolutionConfigurationPlatforms) = preSolution
		Debug|Any CPU = Debug|Any CPU
		Release|Any CPU = Release|Any CPU
	EndGlobalSection
	GlobalSection(ProjectConfigurationPlatforms) = postSolution
		{F7AE7754-E195-47FB-9614-EB1CFF4B8D70}.Debug|Any CPU.ActiveCfg = Debug|Any CPU
		{F7AE7754-E195-47FB-9614-EB1CFF4B8D70}.Debug|Any CPU.Build.0 = Debug|Any CPU
		{F7AE7754-E195-47FB-9614-EB1CFF4B8D70}.Release|Any CPU.ActiveCfg = Release|Any CPU
		{F7AE7754-E195-47FB-9614-EB1CFF4B8D70}.Release|Any CPU.Build.0 = Release|Any CPU
		{43A59954-CE41-4554-92C0-750E9F29994E}.Debug|Any CPU.ActiveCfg = Debug|Any CPU
		{43A59954-CE41-4554-92C0-750E9F29994E}.Debug|Any CPU.Build.0 = Debug|Any CPU
		{43A59954-CE41-4554-92C0-750E9F29994E}.Release|Any CPU.ActiveCfg = Release|Any CPU
		{43A59954-CE41-4554-92C0-750E9F29994E}.Release|Any CPU.Build.0 = Release|Any CPU
		{A5D7D80B-35A2-4D84-9081-89BAF06A6015}.Debug|Any CPU.ActiveCfg = Debug|Any CPU
		{A5D7D80B-35A2-4D84-9081-89BAF06A6015}.Release|Any CPU.ActiveCfg = Release|Any CPU
	EndGlobalSection
EndGlobal
